// !$*UTF8*$!
{
	archiveVersion = 1;
	classes = {
	};
	objectVersion = 48;
	objects = {

/* Begin PBXBuildFile section */
		FA2036261FB9E8EE00E861CE /* AppDelegate.swift in Sources */ = {isa = PBXBuildFile; fileRef = FA2036251FB9E8EE00E861CE /* AppDelegate.swift */; };
		FA2036281FB9E8EE00E861CE /* FirstViewController.swift in Sources */ = {isa = PBXBuildFile; fileRef = FA2036271FB9E8EE00E861CE /* FirstViewController.swift */; };
		FA20362A1FB9E8EF00E861CE /* SecondViewController.swift in Sources */ = {isa = PBXBuildFile; fileRef = FA2036291FB9E8EF00E861CE /* SecondViewController.swift */; };
		FA20362D1FB9E8EF00E861CE /* Main.storyboard in Resources */ = {isa = PBXBuildFile; fileRef = FA20362B1FB9E8EF00E861CE /* Main.storyboard */; };
		FA20362F1FB9E8EF00E861CE /* Assets.xcassets in Resources */ = {isa = PBXBuildFile; fileRef = FA20362E1FB9E8EF00E861CE /* Assets.xcassets */; };
		FA2036321FB9E8EF00E861CE /* LaunchScreen.storyboard in Resources */ = {isa = PBXBuildFile; fileRef = FA2036301FB9E8EF00E861CE /* LaunchScreen.storyboard */; };
		FA20363D1FB9E8EF00E861CE /* MyFudanCampusTests.swift in Sources */ = {isa = PBXBuildFile; fileRef = FA20363C1FB9E8EF00E861CE /* MyFudanCampusTests.swift */; };
		FA2036481FB9E8EF00E861CE /* MyFudanCampusUITests.swift in Sources */ = {isa = PBXBuildFile; fileRef = FA2036471FB9E8EF00E861CE /* MyFudanCampusUITests.swift */; };
		FA2036561FB9F83C00E861CE /* ThirdViewController.swift in Sources */ = {isa = PBXBuildFile; fileRef = FA2036551FB9F83C00E861CE /* ThirdViewController.swift */; };
		FA2A83BF1FBF21DC00365C1F /* FMDatabaseQueue.m in Sources */ = {isa = PBXBuildFile; fileRef = FA2A83B41FBF21DB00365C1F /* FMDatabaseQueue.m */; };
		FA2A83C01FBF21DC00365C1F /* FMDatabaseAdditions.m in Sources */ = {isa = PBXBuildFile; fileRef = FA2A83B71FBF21DB00365C1F /* FMDatabaseAdditions.m */; };
		FA2A83C11FBF21DC00365C1F /* FMDatabase.m in Sources */ = {isa = PBXBuildFile; fileRef = FA2A83B81FBF21DB00365C1F /* FMDatabase.m */; };
		FA2A83C21FBF21DC00365C1F /* FMDatabasePool.m in Sources */ = {isa = PBXBuildFile; fileRef = FA2A83BC1FBF21DB00365C1F /* FMDatabasePool.m */; };
		FA2A83C31FBF21DC00365C1F /* FMResultSet.m in Sources */ = {isa = PBXBuildFile; fileRef = FA2A83BD1FBF21DB00365C1F /* FMResultSet.m */; };
		FA2A83C71FBF221300365C1F /* libsqlite3.tbd in Frameworks */ = {isa = PBXBuildFile; fileRef = FA2A83C61FBF220A00365C1F /* libsqlite3.tbd */; };
		FA2A83CD1FBF2E8000365C1F /* DetailTableViewCell.swift in Sources */ = {isa = PBXBuildFile; fileRef = FA2A83CC1FBF2E8000365C1F /* DetailTableViewCell.swift */; };
		FA2A83CF1FBF2F6800365C1F /* DetailViewController.swift in Sources */ = {isa = PBXBuildFile; fileRef = FA2A83CE1FBF2F6800365C1F /* DetailViewController.swift */; };
		FA7D72CA1FBFDA0A002B8A2E /* data.s3db in Resources */ = {isa = PBXBuildFile; fileRef = FA7D72C91FBFDA0A002B8A2E /* data.s3db */; };
		FA7D72CE1FBFED23002B8A2E /* SQLiteManager.swift in Sources */ = {isa = PBXBuildFile; fileRef = FA7D72CD1FBFED23002B8A2E /* SQLiteManager.swift */; };
		FAA591CA1FC084DA003C7AD4 /* scoreModel.swift in Sources */ = {isa = PBXBuildFile; fileRef = FAA591C91FC084DA003C7AD4 /* scoreModel.swift */; };
/* End PBXBuildFile section */

/* Begin PBXContainerItemProxy section */
		FA2036391FB9E8EF00E861CE /* PBXContainerItemProxy */ = {
			isa = PBXContainerItemProxy;
			containerPortal = FA20361A1FB9E8EE00E861CE /* Project object */;
			proxyType = 1;
			remoteGlobalIDString = FA2036211FB9E8EE00E861CE;
			remoteInfo = MyFudanCampus;
		};
		FA2036441FB9E8EF00E861CE /* PBXContainerItemProxy */ = {
			isa = PBXContainerItemProxy;
			containerPortal = FA20361A1FB9E8EE00E861CE /* Project object */;
			proxyType = 1;
			remoteGlobalIDString = FA2036211FB9E8EE00E861CE;
			remoteInfo = MyFudanCampus;
		};
/* End PBXContainerItemProxy section */

/* Begin PBXFileReference section */
		FA2036221FB9E8EE00E861CE /* MyFudanCampus.app */ = {isa = PBXFileReference; explicitFileType = wrapper.application; includeInIndex = 0; path = MyFudanCampus.app; sourceTree = BUILT_PRODUCTS_DIR; };
		FA2036251FB9E8EE00E861CE /* AppDelegate.swift */ = {isa = PBXFileReference; lastKnownFileType = sourcecode.swift; path = AppDelegate.swift; sourceTree = "<group>"; };
		FA2036271FB9E8EE00E861CE /* FirstViewController.swift */ = {isa = PBXFileReference; lastKnownFileType = sourcecode.swift; path = FirstViewController.swift; sourceTree = "<group>"; };
		FA2036291FB9E8EF00E861CE /* SecondViewController.swift */ = {isa = PBXFileReference; lastKnownFileType = sourcecode.swift; path = SecondViewController.swift; sourceTree = "<group>"; };
		FA20362C1FB9E8EF00E861CE /* Base */ = {isa = PBXFileReference; lastKnownFileType = file.storyboard; name = Base; path = Base.lproj/Main.storyboard; sourceTree = "<group>"; };
		FA20362E1FB9E8EF00E861CE /* Assets.xcassets */ = {isa = PBXFileReference; lastKnownFileType = folder.assetcatalog; path = Assets.xcassets; sourceTree = "<group>"; };
		FA2036311FB9E8EF00E861CE /* Base */ = {isa = PBXFileReference; lastKnownFileType = file.storyboard; name = Base; path = Base.lproj/LaunchScreen.storyboard; sourceTree = "<group>"; };
		FA2036331FB9E8EF00E861CE /* Info.plist */ = {isa = PBXFileReference; lastKnownFileType = text.plist.xml; path = Info.plist; sourceTree = "<group>"; };
		FA2036381FB9E8EF00E861CE /* MyFudanCampusTests.xctest */ = {isa = PBXFileReference; explicitFileType = wrapper.cfbundle; includeInIndex = 0; path = MyFudanCampusTests.xctest; sourceTree = BUILT_PRODUCTS_DIR; };
		FA20363C1FB9E8EF00E861CE /* MyFudanCampusTests.swift */ = {isa = PBXFileReference; lastKnownFileType = sourcecode.swift; path = MyFudanCampusTests.swift; sourceTree = "<group>"; };
		FA20363E1FB9E8EF00E861CE /* Info.plist */ = {isa = PBXFileReference; lastKnownFileType = text.plist.xml; path = Info.plist; sourceTree = "<group>"; };
		FA2036431FB9E8EF00E861CE /* MyFudanCampusUITests.xctest */ = {isa = PBXFileReference; explicitFileType = wrapper.cfbundle; includeInIndex = 0; path = MyFudanCampusUITests.xctest; sourceTree = BUILT_PRODUCTS_DIR; };
		FA2036471FB9E8EF00E861CE /* MyFudanCampusUITests.swift */ = {isa = PBXFileReference; lastKnownFileType = sourcecode.swift; path = MyFudanCampusUITests.swift; sourceTree = "<group>"; };
		FA2036491FB9E8EF00E861CE /* Info.plist */ = {isa = PBXFileReference; lastKnownFileType = text.plist.xml; path = Info.plist; sourceTree = "<group>"; };
		FA2036551FB9F83C00E861CE /* ThirdViewController.swift */ = {isa = PBXFileReference; lastKnownFileType = sourcecode.swift; path = ThirdViewController.swift; sourceTree = "<group>"; };
		FA2A83B31FBF21DB00365C1F /* FMDatabase.h */ = {isa = PBXFileReference; fileEncoding = 4; lastKnownFileType = sourcecode.c.h; path = FMDatabase.h; sourceTree = "<group>"; };
		FA2A83B41FBF21DB00365C1F /* FMDatabaseQueue.m */ = {isa = PBXFileReference; fileEncoding = 4; lastKnownFileType = sourcecode.c.objc; path = FMDatabaseQueue.m; sourceTree = "<group>"; };
		FA2A83B51FBF21DB00365C1F /* FMResultSet.h */ = {isa = PBXFileReference; fileEncoding = 4; lastKnownFileType = sourcecode.c.h; path = FMResultSet.h; sourceTree = "<group>"; };
		FA2A83B61FBF21DB00365C1F /* FMDatabasePool.h */ = {isa = PBXFileReference; fileEncoding = 4; lastKnownFileType = sourcecode.c.h; path = FMDatabasePool.h; sourceTree = "<group>"; };
		FA2A83B71FBF21DB00365C1F /* FMDatabaseAdditions.m */ = {isa = PBXFileReference; fileEncoding = 4; lastKnownFileType = sourcecode.c.objc; path = FMDatabaseAdditions.m; sourceTree = "<group>"; };
		FA2A83B81FBF21DB00365C1F /* FMDatabase.m */ = {isa = PBXFileReference; fileEncoding = 4; lastKnownFileType = sourcecode.c.objc; path = FMDatabase.m; sourceTree = "<group>"; };
		FA2A83B91FBF21DB00365C1F /* FMDatabaseQueue.h */ = {isa = PBXFileReference; fileEncoding = 4; lastKnownFileType = sourcecode.c.h; path = FMDatabaseQueue.h; sourceTree = "<group>"; };
		FA2A83BA1FBF21DB00365C1F /* FMDB.h */ = {isa = PBXFileReference; fileEncoding = 4; lastKnownFileType = sourcecode.c.h; path = FMDB.h; sourceTree = "<group>"; };
		FA2A83BB1FBF21DB00365C1F /* FMDatabaseAdditions.h */ = {isa = PBXFileReference; fileEncoding = 4; lastKnownFileType = sourcecode.c.h; path = FMDatabaseAdditions.h; sourceTree = "<group>"; };
		FA2A83BC1FBF21DB00365C1F /* FMDatabasePool.m */ = {isa = PBXFileReference; fileEncoding = 4; lastKnownFileType = sourcecode.c.objc; path = FMDatabasePool.m; sourceTree = "<group>"; };
		FA2A83BD1FBF21DB00365C1F /* FMResultSet.m */ = {isa = PBXFileReference; fileEncoding = 4; lastKnownFileType = sourcecode.c.objc; path = FMResultSet.m; sourceTree = "<group>"; };
		FA2A83C61FBF220A00365C1F /* libsqlite3.tbd */ = {isa = PBXFileReference; lastKnownFileType = "sourcecode.text-based-dylib-definition"; name = libsqlite3.tbd; path = usr/lib/libsqlite3.tbd; sourceTree = SDKROOT; };
		FA2A83C91FBF223D00365C1F /* Header.h */ = {isa = PBXFileReference; lastKnownFileType = sourcecode.c.h; path = Header.h; sourceTree = "<group>"; };
		FA2A83CC1FBF2E8000365C1F /* DetailTableViewCell.swift */ = {isa = PBXFileReference; lastKnownFileType = sourcecode.swift; path = DetailTableViewCell.swift; sourceTree = "<group>"; };
		FA2A83CE1FBF2F6800365C1F /* DetailViewController.swift */ = {isa = PBXFileReference; lastKnownFileType = sourcecode.swift; path = DetailViewController.swift; sourceTree = "<group>"; };
		FA7D72C91FBFDA0A002B8A2E /* data.s3db */ = {isa = PBXFileReference; lastKnownFileType = file; path = data.s3db; sourceTree = "<group>"; };
		FA7D72CD1FBFED23002B8A2E /* SQLiteManager.swift */ = {isa = PBXFileReference; lastKnownFileType = sourcecode.swift; path = SQLiteManager.swift; sourceTree = "<group>"; };
		FAA591C91FC084DA003C7AD4 /* scoreModel.swift */ = {isa = PBXFileReference; lastKnownFileType = sourcecode.swift; path = scoreModel.swift; sourceTree = "<group>"; };
/* End PBXFileReference section */

/* Begin PBXFrameworksBuildPhase section */
		FA20361F1FB9E8EE00E861CE /* Frameworks */ = {
			isa = PBXFrameworksBuildPhase;
			buildActionMask = 2147483647;
			files = (
				FA2A83C71FBF221300365C1F /* libsqlite3.tbd in Frameworks */,
			);
			runOnlyForDeploymentPostprocessing = 0;
		};
		FA2036351FB9E8EF00E861CE /* Frameworks */ = {
			isa = PBXFrameworksBuildPhase;
			buildActionMask = 2147483647;
			files = (
			);
			runOnlyForDeploymentPostprocessing = 0;
		};
		FA2036401FB9E8EF00E861CE /* Frameworks */ = {
			isa = PBXFrameworksBuildPhase;
			buildActionMask = 2147483647;
			files = (
			);
			runOnlyForDeploymentPostprocessing = 0;
		};
/* End PBXFrameworksBuildPhase section */

/* Begin PBXGroup section */
		FA2036191FB9E8EE00E861CE = {
			isa = PBXGroup;
			children = (
				FA2036241FB9E8EE00E861CE /* MyFudanCampus */,
				FA20363B1FB9E8EF00E861CE /* MyFudanCampusTests */,
				FA2036461FB9E8EF00E861CE /* MyFudanCampusUITests */,
				FA2036231FB9E8EE00E861CE /* Products */,
				FA2A83C51FBF220A00365C1F /* Frameworks */,
			);
			sourceTree = "<group>";
		};
		FA2036231FB9E8EE00E861CE /* Products */ = {
			isa = PBXGroup;
			children = (
				FA2036221FB9E8EE00E861CE /* MyFudanCampus.app */,
				FA2036381FB9E8EF00E861CE /* MyFudanCampusTests.xctest */,
				FA2036431FB9E8EF00E861CE /* MyFudanCampusUITests.xctest */,
			);
			name = Products;
			sourceTree = "<group>";
		};
		FA2036241FB9E8EE00E861CE /* MyFudanCampus */ = {
			isa = PBXGroup;
			children = (
				FA2036251FB9E8EE00E861CE /* AppDelegate.swift */,
				FA2036271FB9E8EE00E861CE /* FirstViewController.swift */,
				FA2036291FB9E8EF00E861CE /* SecondViewController.swift */,
				FA2A83CC1FBF2E8000365C1F /* DetailTableViewCell.swift */,
				FA2A83CE1FBF2F6800365C1F /* DetailViewController.swift */,
				FA2036551FB9F83C00E861CE /* ThirdViewController.swift */,
				FA7D72CD1FBFED23002B8A2E /* SQLiteManager.swift */,
				FAA591C91FC084DA003C7AD4 /* scoreModel.swift */,
				FA20362B1FB9E8EF00E861CE /* Main.storyboard */,
				FA20362E1FB9E8EF00E861CE /* Assets.xcassets */,
				FA2036301FB9E8EF00E861CE /* LaunchScreen.storyboard */,
				FA7D72C91FBFDA0A002B8A2E /* data.s3db */,
				FA2036331FB9E8EF00E861CE /* Info.plist */,
				FA2A83B21FBF21DB00365C1F /* fmdb */,
				FA2A83C91FBF223D00365C1F /* Header.h */,
			);
			path = MyFudanCampus;
			sourceTree = "<group>";
		};
		FA20363B1FB9E8EF00E861CE /* MyFudanCampusTests */ = {
			isa = PBXGroup;
			children = (
				FA20363C1FB9E8EF00E861CE /* MyFudanCampusTests.swift */,
				FA20363E1FB9E8EF00E861CE /* Info.plist */,
			);
			path = MyFudanCampusTests;
			sourceTree = "<group>";
		};
		FA2036461FB9E8EF00E861CE /* MyFudanCampusUITests */ = {
			isa = PBXGroup;
			children = (
				FA2036471FB9E8EF00E861CE /* MyFudanCampusUITests.swift */,
				FA2036491FB9E8EF00E861CE /* Info.plist */,
			);
			path = MyFudanCampusUITests;
			sourceTree = "<group>";
		};
		FA2A83B21FBF21DB00365C1F /* fmdb */ = {
			isa = PBXGroup;
			children = (
				FA2A83B31FBF21DB00365C1F /* FMDatabase.h */,
				FA2A83B41FBF21DB00365C1F /* FMDatabaseQueue.m */,
				FA2A83B51FBF21DB00365C1F /* FMResultSet.h */,
				FA2A83B61FBF21DB00365C1F /* FMDatabasePool.h */,
				FA2A83B71FBF21DB00365C1F /* FMDatabaseAdditions.m */,
				FA2A83B81FBF21DB00365C1F /* FMDatabase.m */,
				FA2A83B91FBF21DB00365C1F /* FMDatabaseQueue.h */,
				FA2A83BA1FBF21DB00365C1F /* FMDB.h */,
				FA2A83BB1FBF21DB00365C1F /* FMDatabaseAdditions.h */,
				FA2A83BC1FBF21DB00365C1F /* FMDatabasePool.m */,
				FA2A83BD1FBF21DB00365C1F /* FMResultSet.m */,
			);
			path = fmdb;
			sourceTree = "<group>";
		};
		FA2A83C51FBF220A00365C1F /* Frameworks */ = {
			isa = PBXGroup;
			children = (
				FA2A83C61FBF220A00365C1F /* libsqlite3.tbd */,
			);
			name = Frameworks;
			sourceTree = "<group>";
		};
/* End PBXGroup section */

/* Begin PBXNativeTarget section */
		FA2036211FB9E8EE00E861CE /* MyFudanCampus */ = {
			isa = PBXNativeTarget;
			buildConfigurationList = FA20364C1FB9E8EF00E861CE /* Build configuration list for PBXNativeTarget "MyFudanCampus" */;
			buildPhases = (
				FA20361E1FB9E8EE00E861CE /* Sources */,
				FA20361F1FB9E8EE00E861CE /* Frameworks */,
				FA2036201FB9E8EE00E861CE /* Resources */,
			);
			buildRules = (
			);
			dependencies = (
			);
			name = MyFudanCampus;
			productName = MyFudanCampus;
			productReference = FA2036221FB9E8EE00E861CE /* MyFudanCampus.app */;
			productType = "com.apple.product-type.application";
		};
		FA2036371FB9E8EF00E861CE /* MyFudanCampusTests */ = {
			isa = PBXNativeTarget;
			buildConfigurationList = FA20364F1FB9E8EF00E861CE /* Build configuration list for PBXNativeTarget "MyFudanCampusTests" */;
			buildPhases = (
				FA2036341FB9E8EF00E861CE /* Sources */,
				FA2036351FB9E8EF00E861CE /* Frameworks */,
				FA2036361FB9E8EF00E861CE /* Resources */,
			);
			buildRules = (
			);
			dependencies = (
				FA20363A1FB9E8EF00E861CE /* PBXTargetDependency */,
			);
			name = MyFudanCampusTests;
			productName = MyFudanCampusTests;
			productReference = FA2036381FB9E8EF00E861CE /* MyFudanCampusTests.xctest */;
			productType = "com.apple.product-type.bundle.unit-test";
		};
		FA2036421FB9E8EF00E861CE /* MyFudanCampusUITests */ = {
			isa = PBXNativeTarget;
			buildConfigurationList = FA2036521FB9E8EF00E861CE /* Build configuration list for PBXNativeTarget "MyFudanCampusUITests" */;
			buildPhases = (
				FA20363F1FB9E8EF00E861CE /* Sources */,
				FA2036401FB9E8EF00E861CE /* Frameworks */,
				FA2036411FB9E8EF00E861CE /* Resources */,
			);
			buildRules = (
			);
			dependencies = (
				FA2036451FB9E8EF00E861CE /* PBXTargetDependency */,
			);
			name = MyFudanCampusUITests;
			productName = MyFudanCampusUITests;
			productReference = FA2036431FB9E8EF00E861CE /* MyFudanCampusUITests.xctest */;
			productType = "com.apple.product-type.bundle.ui-testing";
		};
/* End PBXNativeTarget section */

/* Begin PBXProject section */
		FA20361A1FB9E8EE00E861CE /* Project object */ = {
			isa = PBXProject;
			attributes = {
				LastSwiftUpdateCheck = 0910;
				LastUpgradeCheck = 0910;
				ORGANIZATIONNAME = AlexLLL;
				TargetAttributes = {
					FA2036211FB9E8EE00E861CE = {
						CreatedOnToolsVersion = 9.1;
						ProvisioningStyle = Automatic;
					};
					FA2036371FB9E8EF00E861CE = {
						CreatedOnToolsVersion = 9.1;
						ProvisioningStyle = Automatic;
						TestTargetID = FA2036211FB9E8EE00E861CE;
					};
					FA2036421FB9E8EF00E861CE = {
						CreatedOnToolsVersion = 9.1;
						ProvisioningStyle = Automatic;
						TestTargetID = FA2036211FB9E8EE00E861CE;
					};
				};
			};
			buildConfigurationList = FA20361D1FB9E8EE00E861CE /* Build configuration list for PBXProject "MyFudanCampus" */;
			compatibilityVersion = "Xcode 8.0";
			developmentRegion = en;
			hasScannedForEncodings = 0;
			knownRegions = (
				en,
				Base,
			);
			mainGroup = FA2036191FB9E8EE00E861CE;
			productRefGroup = FA2036231FB9E8EE00E861CE /* Products */;
			projectDirPath = "";
			projectRoot = "";
			targets = (
				FA2036211FB9E8EE00E861CE /* MyFudanCampus */,
				FA2036371FB9E8EF00E861CE /* MyFudanCampusTests */,
				FA2036421FB9E8EF00E861CE /* MyFudanCampusUITests */,
			);
		};
/* End PBXProject section */

/* Begin PBXResourcesBuildPhase section */
		FA2036201FB9E8EE00E861CE /* Resources */ = {
			isa = PBXResourcesBuildPhase;
			buildActionMask = 2147483647;
			files = (
				FA2036321FB9E8EF00E861CE /* LaunchScreen.storyboard in Resources */,
				FA7D72CA1FBFDA0A002B8A2E /* data.s3db in Resources */,
				FA20362F1FB9E8EF00E861CE /* Assets.xcassets in Resources */,
				FA20362D1FB9E8EF00E861CE /* Main.storyboard in Resources */,
			);
			runOnlyForDeploymentPostprocessing = 0;
		};
		FA2036361FB9E8EF00E861CE /* Resources */ = {
			isa = PBXResourcesBuildPhase;
			buildActionMask = 2147483647;
			files = (
			);
			runOnlyForDeploymentPostprocessing = 0;
		};
		FA2036411FB9E8EF00E861CE /* Resources */ = {
			isa = PBXResourcesBuildPhase;
			buildActionMask = 2147483647;
			files = (
			);
			runOnlyForDeploymentPostprocessing = 0;
		};
/* End PBXResourcesBuildPhase section */

/* Begin PBXSourcesBuildPhase section */
		FA20361E1FB9E8EE00E861CE /* Sources */ = {
			isa = PBXSourcesBuildPhase;
			buildActionMask = 2147483647;
			files = (
				FA2A83CF1FBF2F6800365C1F /* DetailViewController.swift in Sources */,
				FA2A83BF1FBF21DC00365C1F /* FMDatabaseQueue.m in Sources */,
				FA20362A1FB9E8EF00E861CE /* SecondViewController.swift in Sources */,
				FAA591CA1FC084DA003C7AD4 /* scoreModel.swift in Sources */,
				FA7D72CE1FBFED23002B8A2E /* SQLiteManager.swift in Sources */,
				FA2036261FB9E8EE00E861CE /* AppDelegate.swift in Sources */,
				FA2A83C11FBF21DC00365C1F /* FMDatabase.m in Sources */,
				FA2036561FB9F83C00E861CE /* ThirdViewController.swift in Sources */,
				FA2A83C21FBF21DC00365C1F /* FMDatabasePool.m in Sources */,
				FA2A83C31FBF21DC00365C1F /* FMResultSet.m in Sources */,
				FA2036281FB9E8EE00E861CE /* FirstViewController.swift in Sources */,
				FA2A83CD1FBF2E8000365C1F /* DetailTableViewCell.swift in Sources */,
				FA2A83C01FBF21DC00365C1F /* FMDatabaseAdditions.m in Sources */,
			);
			runOnlyForDeploymentPostprocessing = 0;
		};
		FA2036341FB9E8EF00E861CE /* Sources */ = {
			isa = PBXSourcesBuildPhase;
			buildActionMask = 2147483647;
			files = (
				FA20363D1FB9E8EF00E861CE /* MyFudanCampusTests.swift in Sources */,
			);
			runOnlyForDeploymentPostprocessing = 0;
		};
		FA20363F1FB9E8EF00E861CE /* Sources */ = {
			isa = PBXSourcesBuildPhase;
			buildActionMask = 2147483647;
			files = (
				FA2036481FB9E8EF00E861CE /* MyFudanCampusUITests.swift in Sources */,
			);
			runOnlyForDeploymentPostprocessing = 0;
		};
/* End PBXSourcesBuildPhase section */

/* Begin PBXTargetDependency section */
		FA20363A1FB9E8EF00E861CE /* PBXTargetDependency */ = {
			isa = PBXTargetDependency;
			target = FA2036211FB9E8EE00E861CE /* MyFudanCampus */;
			targetProxy = FA2036391FB9E8EF00E861CE /* PBXContainerItemProxy */;
		};
		FA2036451FB9E8EF00E861CE /* PBXTargetDependency */ = {
			isa = PBXTargetDependency;
			target = FA2036211FB9E8EE00E861CE /* MyFudanCampus */;
			targetProxy = FA2036441FB9E8EF00E861CE /* PBXContainerItemProxy */;
		};
/* End PBXTargetDependency section */

/* Begin PBXVariantGroup section */
		FA20362B1FB9E8EF00E861CE /* Main.storyboard */ = {
			isa = PBXVariantGroup;
			children = (
				FA20362C1FB9E8EF00E861CE /* Base */,
			);
			name = Main.storyboard;
			sourceTree = "<group>";
		};
		FA2036301FB9E8EF00E861CE /* LaunchScreen.storyboard */ = {
			isa = PBXVariantGroup;
			children = (
				FA2036311FB9E8EF00E861CE /* Base */,
			);
			name = LaunchScreen.storyboard;
			sourceTree = "<group>";
		};
/* End PBXVariantGroup section */

/* Begin XCBuildConfiguration section */
		FA20364A1FB9E8EF00E861CE /* Debug */ = {
			isa = XCBuildConfiguration;
			buildSettings = {
				ALWAYS_SEARCH_USER_PATHS = NO;
				CLANG_ANALYZER_NONNULL = YES;
				CLANG_ANALYZER_NUMBER_OBJECT_CONVERSION = YES_AGGRESSIVE;
				CLANG_CXX_LANGUAGE_STANDARD = "gnu++14";
				CLANG_CXX_LIBRARY = "libc++";
				CLANG_ENABLE_MODULES = YES;
				CLANG_ENABLE_OBJC_ARC = YES;
				CLANG_WARN_BLOCK_CAPTURE_AUTORELEASING = YES;
				CLANG_WARN_BOOL_CONVERSION = YES;
				CLANG_WARN_COMMA = YES;
				CLANG_WARN_CONSTANT_CONVERSION = YES;
				CLANG_WARN_DIRECT_OBJC_ISA_USAGE = YES_ERROR;
				CLANG_WARN_DOCUMENTATION_COMMENTS = YES;
				CLANG_WARN_EMPTY_BODY = YES;
				CLANG_WARN_ENUM_CONVERSION = YES;
				CLANG_WARN_INFINITE_RECURSION = YES;
				CLANG_WARN_INT_CONVERSION = YES;
				CLANG_WARN_NON_LITERAL_NULL_CONVERSION = YES;
				CLANG_WARN_OBJC_LITERAL_CONVERSION = YES;
				CLANG_WARN_OBJC_ROOT_CLASS = YES_ERROR;
				CLANG_WARN_RANGE_LOOP_ANALYSIS = YES;
				CLANG_WARN_STRICT_PROTOTYPES = YES;
				CLANG_WARN_SUSPICIOUS_MOVE = YES;
				CLANG_WARN_UNGUARDED_AVAILABILITY = YES_AGGRESSIVE;
				CLANG_WARN_UNREACHABLE_CODE = YES;
				CLANG_WARN__DUPLICATE_METHOD_MATCH = YES;
				CODE_SIGN_IDENTITY = "iPhone Developer";
				COPY_PHASE_STRIP = NO;
				DEBUG_INFORMATION_FORMAT = dwarf;
				ENABLE_STRICT_OBJC_MSGSEND = YES;
				ENABLE_TESTABILITY = YES;
				GCC_C_LANGUAGE_STANDARD = gnu11;
				GCC_DYNAMIC_NO_PIC = NO;
				GCC_NO_COMMON_BLOCKS = YES;
				GCC_OPTIMIZATION_LEVEL = 0;
				GCC_PREPROCESSOR_DEFINITIONS = (
					"DEBUG=1",
					"$(inherited)",
				);
				GCC_WARN_64_TO_32_BIT_CONVERSION = YES;
				GCC_WARN_ABOUT_RETURN_TYPE = YES_ERROR;
				GCC_WARN_UNDECLARED_SELECTOR = YES;
				GCC_WARN_UNINITIALIZED_AUTOS = YES_AGGRESSIVE;
				GCC_WARN_UNUSED_FUNCTION = YES;
				GCC_WARN_UNUSED_VARIABLE = YES;
				IPHONEOS_DEPLOYMENT_TARGET = 11.1;
				MTL_ENABLE_DEBUG_INFO = YES;
				ONLY_ACTIVE_ARCH = YES;
				SDKROOT = iphoneos;
				SWIFT_ACTIVE_COMPILATION_CONDITIONS = DEBUG;
				SWIFT_OPTIMIZATION_LEVEL = "-Onone";
			};
			name = Debug;
		};
		FA20364B1FB9E8EF00E861CE /* Release */ = {
			isa = XCBuildConfiguration;
			buildSettings = {
				ALWAYS_SEARCH_USER_PATHS = NO;
				CLANG_ANALYZER_NONNULL = YES;
				CLANG_ANALYZER_NUMBER_OBJECT_CONVERSION = YES_AGGRESSIVE;
				CLANG_CXX_LANGUAGE_STANDARD = "gnu++14";
				CLANG_CXX_LIBRARY = "libc++";
				CLANG_ENABLE_MODULES = YES;
				CLANG_ENABLE_OBJC_ARC = YES;
				CLANG_WARN_BLOCK_CAPTURE_AUTORELEASING = YES;
				CLANG_WARN_BOOL_CONVERSION = YES;
				CLANG_WARN_COMMA = YES;
				CLANG_WARN_CONSTANT_CONVERSION = YES;
				CLANG_WARN_DIRECT_OBJC_ISA_USAGE = YES_ERROR;
				CLANG_WARN_DOCUMENTATION_COMMENTS = YES;
				CLANG_WARN_EMPTY_BODY = YES;
				CLANG_WARN_ENUM_CONVERSION = YES;
				CLANG_WARN_INFINITE_RECURSION = YES;
				CLANG_WARN_INT_CONVERSION = YES;
				CLANG_WARN_NON_LITERAL_NULL_CONVERSION = YES;
				CLANG_WARN_OBJC_LITERAL_CONVERSION = YES;
				CLANG_WARN_OBJC_ROOT_CLASS = YES_ERROR;
				CLANG_WARN_RANGE_LOOP_ANALYSIS = YES;
				CLANG_WARN_STRICT_PROTOTYPES = YES;
				CLANG_WARN_SUSPICIOUS_MOVE = YES;
				CLANG_WARN_UNGUARDED_AVAILABILITY = YES_AGGRESSIVE;
				CLANG_WARN_UNREACHABLE_CODE = YES;
				CLANG_WARN__DUPLICATE_METHOD_MATCH = YES;
				CODE_SIGN_IDENTITY = "iPhone Developer";
				COPY_PHASE_STRIP = NO;
				DEBUG_INFORMATION_FORMAT = "dwarf-with-dsym";
				ENABLE_NS_ASSERTIONS = NO;
				ENABLE_STRICT_OBJC_MSGSEND = YES;
				GCC_C_LANGUAGE_STANDARD = gnu11;
				GCC_NO_COMMON_BLOCKS = YES;
				GCC_WARN_64_TO_32_BIT_CONVERSION = YES;
				GCC_WARN_ABOUT_RETURN_TYPE = YES_ERROR;
				GCC_WARN_UNDECLARED_SELECTOR = YES;
				GCC_WARN_UNINITIALIZED_AUTOS = YES_AGGRESSIVE;
				GCC_WARN_UNUSED_FUNCTION = YES;
				GCC_WARN_UNUSED_VARIABLE = YES;
				IPHONEOS_DEPLOYMENT_TARGET = 11.1;
				MTL_ENABLE_DEBUG_INFO = NO;
				SDKROOT = iphoneos;
				SWIFT_OPTIMIZATION_LEVEL = "-Owholemodule";
				VALIDATE_PRODUCT = YES;
			};
			name = Release;
		};
		FA20364D1FB9E8EF00E861CE /* Debug */ = {
			isa = XCBuildConfiguration;
			buildSettings = {
				ASSETCATALOG_COMPILER_APPICON_NAME = AppIcon;
				CODE_SIGN_STYLE = Automatic;
				INFOPLIST_FILE = MyFudanCampus/Info.plist;
				LD_RUNPATH_SEARCH_PATHS = "$(inherited) @executable_path/Frameworks";
				PRODUCT_BUNDLE_IDENTIFIER = Fudan.MyFudanCampus;
				PRODUCT_NAME = "$(TARGET_NAME)";
				SWIFT_OBJC_BRIDGING_HEADER = MyFudanCampus/Header.h;
				SWIFT_VERSION = 4.0;
				TARGETED_DEVICE_FAMILY = "1,2";
			};
			name = Debug;
		};
		FA20364E1FB9E8EF00E861CE /* Release */ = {
			isa = XCBuildConfiguration;
			buildSettings = {
				ASSETCATALOG_COMPILER_APPICON_NAME = AppIcon;
				CODE_SIGN_STYLE = Automatic;
				INFOPLIST_FILE = MyFudanCampus/Info.plist;
				LD_RUNPATH_SEARCH_PATHS = "$(inherited) @executable_path/Frameworks";
				PRODUCT_BUNDLE_IDENTIFIER = Fudan.MyFudanCampus;
				PRODUCT_NAME = "$(TARGET_NAME)";
				SWIFT_OBJC_BRIDGING_HEADER = MyFudanCampus/Header.h;
				SWIFT_VERSION = 4.0;
				TARGETED_DEVICE_FAMILY = "1,2";
			};
			name = Release;
		};
		FA2036501FB9E8EF00E861CE /* Debug */ = {
			isa = XCBuildConfiguration;
			buildSettings = {
				ALWAYS_EMBED_SWIFT_STANDARD_LIBRARIES = YES;
				BUNDLE_LOADER = "$(TEST_HOST)";
				CODE_SIGN_STYLE = Automatic;
				INFOPLIST_FILE = MyFudanCampusTests/Info.plist;
				LD_RUNPATH_SEARCH_PATHS = "$(inherited) @executable_path/Frameworks @loader_path/Frameworks";
				PRODUCT_BUNDLE_IDENTIFIER = Fudan.MyFudanCampusTests;
				PRODUCT_NAME = "$(TARGET_NAME)";
				SWIFT_VERSION = 4.0;
				TARGETED_DEVICE_FAMILY = "1,2";
				TEST_HOST = "$(BUILT_PRODUCTS_DIR)/MyFudanCampus.app/MyFudanCampus";
			};
			name = Debug;
		};
		FA2036511FB9E8EF00E861CE /* Release */ = {
			isa = XCBuildConfiguration;
			buildSettings = {
				ALWAYS_EMBED_SWIFT_STANDARD_LIBRARIES = YES;
				BUNDLE_LOADER = "$(TEST_HOST)";
				CODE_SIGN_STYLE = Automatic;
				INFOPLIST_FILE = MyFudanCampusTests/Info.plist;
				LD_RUNPATH_SEARCH_PATHS = "$(inherited) @executable_path/Frameworks @loader_path/Frameworks";
				PRODUCT_BUNDLE_IDENTIFIER = Fudan.MyFudanCampusTests;
				PRODUCT_NAME = "$(TARGET_NAME)";
				SWIFT_VERSION = 4.0;
				TARGETED_DEVICE_FAMILY = "1,2";
				TEST_HOST = "$(BUILT_PRODUCTS_DIR)/MyFudanCampus.app/MyFudanCampus";
			};
			name = Release;
		};
		FA2036531FB9E8EF00E861CE /* Debug */ = {
			isa = XCBuildConfiguration;
			buildSettings = {
				ALWAYS_EMBED_SWIFT_STANDARD_LIBRARIES = YES;
				CODE_SIGN_STYLE = Automatic;
				INFOPLIST_FILE = MyFudanCampusUITests/Info.plist;
				LD_RUNPATH_SEARCH_PATHS = "$(inherited) @executable_path/Frameworks @loader_path/Frameworks";
				PRODUCT_BUNDLE_IDENTIFIER = Fudan.MyFudanCampusUITests;
				PRODUCT_NAME = "$(TARGET_NAME)";
				SWIFT_VERSION = 4.0;
				TARGETED_DEVICE_FAMILY = "1,2";
				TEST_TARGET_NAME = MyFudanCampus;
			};
			name = Debug;
		};
		FA2036541FB9E8EF00E861CE /* Release */ = {
			isa = XCBuildConfiguration;
			buildSettings = {
				ALWAYS_EMBED_SWIFT_STANDARD_LIBRARIES = YES;
				CODE_SIGN_STYLE = Automatic;
				INFOPLIST_FILE = MyFudanCampusUITests/Info.plist;
				LD_RUNPATH_SEARCH_PATHS = "$(inherited) @executable_path/Frameworks @loader_path/Frameworks";
				PRODUCT_BUNDLE_IDENTIFIER = Fudan.MyFudanCampusUITests;
				PRODUCT_NAME = "$(TARGET_NAME)";
				SWIFT_VERSION = 4.0;
				TARGETED_DEVICE_FAMILY = "1,2";
				TEST_TARGET_NAME = MyFudanCampus;
			};
			name = Release;
		};
/* End XCBuildConfiguration section */

/* Begin XCConfigurationList section */
		FA20361D1FB9E8EE00E861CE /* Build configuration list for PBXProject "MyFudanCampus" */ = {
			isa = XCConfigurationList;
			buildConfigurations = (
				FA20364A1FB9E8EF00E861CE /* Debug */,
				FA20364B1FB9E8EF00E861CE /* Release */,
			);
			defaultConfigurationIsVisible = 0;
			defaultConfigurationName = Release;
		};
		FA20364C1FB9E8EF00E861CE /* Build configuration list for PBXNativeTarget "MyFudanCampus" */ = {
			isa = XCConfigurationList;
			buildConfigurations = (
				FA20364D1FB9E8EF00E861CE /* Debug */,
				FA20364E1FB9E8EF00E861CE /* Release */,
			);
			defaultConfigurationIsVisible = 0;
			defaultConfigurationName = Release;
		};
		FA20364F1FB9E8EF00E861CE /* Build configuration list for PBXNativeTarget "MyFudanCampusTests" */ = {
			isa = XCConfigurationList;
			buildConfigurations = (
				FA2036501FB9E8EF00E861CE /* Debug */,
				FA2036511FB9E8EF00E861CE /* Release */,
			);
			defaultConfigurationIsVisible = 0;
			defaultConfigurationName = Release;
		};
		FA2036521FB9E8EF00E861CE /* Build configuration list for PBXNativeTarget "MyFudanCampusUITests" */ = {
			isa = XCConfigurationList;
			buildConfigurations = (
				FA2036531FB9E8EF00E861CE /* Debug */,
				FA2036541FB9E8EF00E861CE /* Release */,
			);
			defaultConfigurationIsVisible = 0;
			defaultConfigurationName = Release;
		};
/* End XCConfigurationList section */
	};
	rootObject = FA20361A1FB9E8EE00E861CE /* Project object */;
}
